
Microsoft Visual Studio Solution File, Format Version 12.00
# Visual Studio 15
VisualStudioVersion = 15.0.26124.0
MinimumVisualStudioVersion = 15.0.26124.0
Project("{FAE04EC0-301F-11D3-BF4B-00C04F79EFBC}") = "DroneOfTheFuture.App.Consola", "DroneOfTheFuture.App.Consola\DroneOfTheFuture.App.Consola.csproj", "{1A829030-9F99-471D-9E18-FAB72FAB0D53}"
EndProject
Project("{FAE04EC0-301F-11D3-BF4B-00C04F79EFBC}") = "DroneOfTheFuture.App.Dominio", "DroneOfTheFuture.App.Dominio\DroneOfTheFuture.App.Dominio.csproj", "{A21F615F-D1A1-46DF-B315-B527A49C4747}"
EndProject
Project("{FAE04EC0-301F-11D3-BF4B-00C04F79EFBC}") = "DroneOfTheFuture.App.FrontEnd", "DroneOfTheFuture.App.FrontEnd\DroneOfTheFuture.App.FrontEnd.csproj", "{C94AD900-E7C8-4B44-BF96-13C42BA93B3A}"
EndProject
Project("{FAE04EC0-301F-11D3-BF4B-00C04F79EFBC}") = "DroneOfTheFuture.App.Persistencia", "DroneOfTheFuture.App.Persistencia\DroneOfTheFuture.App.Persistencia.csproj", "{8BA881DA-C7D7-451B-9C9C-B58E75F600D8}"
EndProject
Project("{FAE04EC0-301F-11D3-BF4B-00C04F79EFBC}") = "DroneOfTheFuture.App.Servicios", "DroneOfTheFuture.App.Servicios\DroneOfTheFuture.App.Servicios.csproj", "{9945A8D4-C30D-4C0E-B08D-690BC972EB0B}"
EndProject
Global
	GlobalSection(SolutionConfigurationPlatforms) = preSolution
		Debug|Any CPU = Debug|Any CPU
		Debug|x64 = Debug|x64
		Debug|x86 = Debug|x86
		Release|Any CPU = Release|Any CPU
		Release|x64 = Release|x64
		Release|x86 = Release|x86
	EndGlobalSection
	GlobalSection(SolutionProperties) = preSolution
		HideSolutionNode = FALSE
	EndGlobalSection
	GlobalSection(ProjectConfigurationPlatforms) = postSolution
		{1A829030-9F99-471D-9E18-FAB72FAB0D53}.Debug|Any CPU.ActiveCfg = Debug|Any CPU
		{1A829030-9F99-471D-9E18-FAB72FAB0D53}.Debug|Any CPU.Build.0 = Debug|Any CPU
		{1A829030-9F99-471D-9E18-FAB72FAB0D53}.Debug|x64.ActiveCfg = Debug|Any CPU
		{1A829030-9F99-471D-9E18-FAB72FAB0D53}.Debug|x64.Build.0 = Debug|Any CPU
		{1A829030-9F99-471D-9E18-FAB72FAB0D53}.Debug|x86.ActiveCfg = Debug|Any CPU
		{1A829030-9F99-471D-9E18-FAB72FAB0D53}.Debug|x86.Build.0 = Debug|Any CPU
		{1A829030-9F99-471D-9E18-FAB72FAB0D53}.Release|Any CPU.ActiveCfg = Release|Any CPU
		{1A829030-9F99-471D-9E18-FAB72FAB0D53}.Release|Any CPU.Build.0 = Release|Any CPU
		{1A829030-9F99-471D-9E18-FAB72FAB0D53}.Release|x64.ActiveCfg = Release|Any CPU
		{1A829030-9F99-471D-9E18-FAB72FAB0D53}.Release|x64.Build.0 = Release|Any CPU
		{1A829030-9F99-471D-9E18-FAB72FAB0D53}.Release|x86.ActiveCfg = Release|Any CPU
		{1A829030-9F99-471D-9E18-FAB72FAB0D53}.Release|x86.Build.0 = Release|Any CPU
		{A21F615F-D1A1-46DF-B315-B527A49C4747}.Debug|Any CPU.ActiveCfg = Debug|Any CPU
		{A21F615F-D1A1-46DF-B315-B527A49C4747}.Debug|Any CPU.Build.0 = Debug|Any CPU
		{A21F615F-D1A1-46DF-B315-B527A49C4747}.Debug|x64.ActiveCfg = Debug|Any CPU
		{A21F615F-D1A1-46DF-B315-B527A49C4747}.Debug|x64.Build.0 = Debug|Any CPU
		{A21F615F-D1A1-46DF-B315-B527A49C4747}.Debug|x86.ActiveCfg = Debug|Any CPU
		{A21F615F-D1A1-46DF-B315-B527A49C4747}.Debug|x86.Build.0 = Debug|Any CPU
		{A21F615F-D1A1-46DF-B315-B527A49C4747}.Release|Any CPU.ActiveCfg = Release|Any CPU
		{A21F615F-D1A1-46DF-B315-B527A49C4747}.Release|Any CPU.Build.0 = Release|Any CPU
		{A21F615F-D1A1-46DF-B315-B527A49C4747}.Release|x64.ActiveCfg = Release|Any CPU
		{A21F615F-D1A1-46DF-B315-B527A49C4747}.Release|x64.Build.0 = Release|Any CPU
		{A21F615F-D1A1-46DF-B315-B527A49C4747}.Release|x86.ActiveCfg = Release|Any CPU
		{A21F615F-D1A1-46DF-B315-B527A49C4747}.Release|x86.Build.0 = Release|Any CPU
		{C94AD900-E7C8-4B44-BF96-13C42BA93B3A}.Debug|Any CPU.ActiveCfg = Debug|Any CPU
		{C94AD900-E7C8-4B44-BF96-13C42BA93B3A}.Debug|Any CPU.Build.0 = Debug|Any CPU
		{C94AD900-E7C8-4B44-BF96-13C42BA93B3A}.Debug|x64.ActiveCfg = Debug|Any CPU
		{C94AD900-E7C8-4B44-BF96-13C42BA93B3A}.Debug|x64.Build.0 = Debug|Any CPU
		{C94AD900-E7C8-4B44-BF96-13C42BA93B3A}.Debug|x86.ActiveCfg = Debug|Any CPU
		{C94AD900-E7C8-4B44-BF96-13C42BA93B3A}.Debug|x86.Build.0 = Debug|Any CPU
		{C94AD900-E7C8-4B44-BF96-13C42BA93B3A}.Release|Any CPU.ActiveCfg = Release|Any CPU
		{C94AD900-E7C8-4B44-BF96-13C42BA93B3A}.Release|Any CPU.Build.0 = Release|Any CPU
		{C94AD900-E7C8-4B44-BF96-13C42BA93B3A}.Release|x64.ActiveCfg = Release|Any CPU
		{C94AD900-E7C8-4B44-BF96-13C42BA93B3A}.Release|x64.Build.0 = Release|Any CPU
		{C94AD900-E7C8-4B44-BF96-13C42BA93B3A}.Release|x86.ActiveCfg = Release|Any CPU
		{C94AD900-E7C8-4B44-BF96-13C42BA93B3A}.Release|x86.Build.0 = Release|Any CPU
		{8BA881DA-C7D7-451B-9C9C-B58E75F600D8}.Debug|Any CPU.ActiveCfg = Debug|Any CPU
		{8BA881DA-C7D7-451B-9C9C-B58E75F600D8}.Debug|Any CPU.Build.0 = Debug|Any CPU
		{8BA881DA-C7D7-451B-9C9C-B58E75F600D8}.Debug|x64.ActiveCfg = Debug|Any CPU
		{8BA881DA-C7D7-451B-9C9C-B58E75F600D8}.Debug|x64.Build.0 = Debug|Any CPU
		{8BA881DA-C7D7-451B-9C9C-B58E75F600D8}.Debug|x86.ActiveCfg = Debug|Any CPU
		{8BA881DA-C7D7-451B-9C9C-B58E75F600D8}.Debug|x86.Build.0 = Debug|Any CPU
		{8BA881DA-C7D7-451B-9C9C-B58E75F600D8}.Release|Any CPU.ActiveCfg = Release|Any CPU
		{8BA881DA-C7D7-451B-9C9C-B58E75F600D8}.Release|Any CPU.Build.0 = Release|Any CPU
		{8BA881DA-C7D7-451B-9C9C-B58E75F600D8}.Release|x64.ActiveCfg = Release|Any CPU
		{8BA881DA-C7D7-451B-9C9C-B58E75F600D8}.Release|x64.Build.0 = Release|Any CPU
		{8BA881DA-C7D7-451B-9C9C-B58E75F600D8}.Release|x86.ActiveCfg = Release|Any CPU
		{8BA881DA-C7D7-451B-9C9C-B58E75F600D8}.Release|x86.Build.0 = Release|Any CPU
		{9945A8D4-C30D-4C0E-B08D-690BC972EB0B}.Debug|Any CPU.ActiveCfg = Debug|Any CPU
		{9945A8D4-C30D-4C0E-B08D-690BC972EB0B}.Debug|Any CPU.Build.0 = Debug|Any CPU
		{9945A8D4-C30D-4C0E-B08D-690BC972EB0B}.Debug|x64.ActiveCfg = Debug|Any CPU
		{9945A8D4-C30D-4C0E-B08D-690BC972EB0B}.Debug|x64.Build.0 = Debug|Any CPU
		{9945A8D4-C30D-4C0E-B08D-690BC972EB0B}.Debug|x86.ActiveCfg = Debug|Any CPU
		{9945A8D4-C30D-4C0E-B08D-690BC972EB0B}.Debug|x86.Build.0 = Debug|Any CPU
		{9945A8D4-C30D-4C0E-B08D-690BC972EB0B}.Release|Any CPU.ActiveCfg = Release|Any CPU
		{9945A8D4-C30D-4C0E-B08D-690BC972EB0B}.Release|Any CPU.Build.0 = Release|Any CPU
		{9945A8D4-C30D-4C0E-B08D-690BC972EB0B}.Release|x64.ActiveCfg = Release|Any CPU
		{9945A8D4-C30D-4C0E-B08D-690BC972EB0B}.Release|x64.Build.0 = Release|Any CPU
		{9945A8D4-C30D-4C0E-B08D-690BC972EB0B}.Release|x86.ActiveCfg = Release|Any CPU
		{9945A8D4-C30D-4C0E-B08D-690BC972EB0B}.Release|x86.Build.0 = Release|Any CPU
	EndGlobalSection
EndGlobal
